PODS:
  - Flutter (1.0.0)
  - unity_ads_plugin (0.0.1):
    - Flutter
    - UnityAds (= 4.4.1)
  - UnityAds (4.4.1)

DEPENDENCIES:
  - Flutter (from `Flutter`)
  - unity_ads_plugin (from `.symlinks/plugins/unity_ads_plugin/ios`)

SPEC REPOS:
  trunk:
    - UnityAds

EXTERNAL SOURCES:
  Flutter:
    :path: Flutter
  unity_ads_plugin:
    :path: ".symlinks/plugins/unity_ads_plugin/ios"

SPEC CHECKSUMS:
  Flutter: f04841e97a9d0b0a8025694d0796dd46242b2854
  unity_ads_plugin: 7b2b7a99b38046f613655ac23ac992f92a10fbbc
  UnityAds: 1af6c4fdd7030c2593c58f520504e167561175ab

PODFILE CHECKSUM: ef19549a9bc3046e7bb7d2fab4d021637c0c58a3

COCOAPODS: 1.11.2
