PODS:
  - Flutter (1.0.0)
  - unity_ads_plugin (0.0.1):
    - Flutter
    - UnityAds (= 4.12.1)
  - UnityAds (4.12.1)

DEPENDENCIES:
  - Flutter (from `Flutter`)
  - unity_ads_plugin (from `.symlinks/plugins/unity_ads_plugin/ios`)

SPEC REPOS:
  trunk:
    - UnityAds

EXTERNAL SOURCES:
  Flutter:
    :path: Flutter
  unity_ads_plugin:
    :path: ".symlinks/plugins/unity_ads_plugin/ios"

SPEC CHECKSUMS:
  Flutter: e0871f40cf51350855a761d2e70bf5af5b9b5de7
  unity_ads_plugin: 92487c443e9a341ba868f258e1f1ae4af3b039c7
  UnityAds: f89ac1e717f5d566a58479a5b7cb9ed3a744cae3

PODFILE CHECKSUM: 819463e6a0290f5a72f145ba7cde16e8b6ef0796

COCOAPODS: 1.15.2
