PODS:
  - Flutter (1.0.0)
  - unity_ads_plugin (0.0.1):
    - Flutter
    - UnityAds (= 3.7.2)
  - UnityAds (3.7.2)

DEPENDENCIES:
  - Flutter (from `Flutter`)
  - unity_ads_plugin (from `.symlinks/plugins/unity_ads_plugin/ios`)

SPEC REPOS:
  trunk:
    - UnityAds

EXTERNAL SOURCES:
  Flutter:
    :path: Flutter
  unity_ads_plugin:
    :path: ".symlinks/plugins/unity_ads_plugin/ios"

SPEC CHECKSUMS:
  Flutter: 434fef37c0980e73bb6479ef766c45957d4b510c
  unity_ads_plugin: 5ba73be920777b4b486b1ea6a007a6c244b95a6d
  UnityAds: cca7e2191591e0bb5d45231f012a2c8722c3e686

PODFILE CHECKSUM: aafe91acc616949ddb318b77800a7f51bffa2a4c

COCOAPODS: 1.10.0
